// !$*UTF8*$!
{
	archiveVersion = 1;
	classes = {
	};
	objectVersion = 56;
	objects = {

/* Begin PBXBuildFile section */
		18C97E622B7BDEF8006970CB /* TSLocalizationApp.swift in Sources */ = {isa = PBXBuildFile; fileRef = 18C97E612B7BDEF8006970CB /* TSLocalizationApp.swift */; };
		18C97E642B7BDEF8006970CB /* MainView.swift in Sources */ = {isa = PBXBuildFile; fileRef = 18C97E632B7BDEF8006970CB /* MainView.swift */; };
		18C97E662B7BDEF9006970CB /* Assets.xcassets in Resources */ = {isa = PBXBuildFile; fileRef = 18C97E652B7BDEF9006970CB /* Assets.xcassets */; };
		18C97E692B7BDEF9006970CB /* Preview Assets.xcassets in Resources */ = {isa = PBXBuildFile; fileRef = 18C97E682B7BDEF9006970CB /* Preview Assets.xcassets */; };
		18C97E732B7BDEF9006970CB /* TSLocalizationTests.swift in Sources */ = {isa = PBXBuildFile; fileRef = 18C97E722B7BDEF9006970CB /* TSLocalizationTests.swift */; };
		18C97E7D2B7BDEF9006970CB /* TSLocalizationUITests.swift in Sources */ = {isa = PBXBuildFile; fileRef = 18C97E7C2B7BDEF9006970CB /* TSLocalizationUITests.swift */; };
		18C97E7F2B7BDEF9006970CB /* TSLocalizationUITestsLaunchTests.swift in Sources */ = {isa = PBXBuildFile; fileRef = 18C97E7E2B7BDEF9006970CB /* TSLocalizationUITestsLaunchTests.swift */; };
		18C97E8E2B7BDF69006970CB /* ChooseLanguageView.swift in Sources */ = {isa = PBXBuildFile; fileRef = 18C97E8D2B7BDF69006970CB /* ChooseLanguageView.swift */; };
		18C97E942B7BE38F006970CB /* PresentationStrings.swift in Sources */ = {isa = PBXBuildFile; fileRef = 18C97E932B7BE38F006970CB /* PresentationStrings.swift */; };
		18C97E972B7BE79B006970CB /* Localizable.strings in Resources */ = {isa = PBXBuildFile; fileRef = 18C97E992B7BE79B006970CB /* Localizable.strings */; };
		18C97E9D2B7BE96D006970CB /* BackButton.swift in Sources */ = {isa = PBXBuildFile; fileRef = 18C97E9C2B7BE96D006970CB /* BackButton.swift */; };
		18C97EA42B7BFFA8006970CB /* PersistableStrings.swift in Sources */ = {isa = PBXBuildFile; fileRef = 18C97EA32B7BFFA8006970CB /* PersistableStrings.swift */; };
/* End PBXBuildFile section */

/* Begin PBXContainerItemProxy section */
		18C97E6F2B7BDEF9006970CB /* PBXContainerItemProxy */ = {
			isa = PBXContainerItemProxy;
			containerPortal = 18C97E562B7BDEF8006970CB /* Project object */;
			proxyType = 1;
			remoteGlobalIDString = 18C97E5D2B7BDEF8006970CB;
			remoteInfo = TSLocalization;
		};
		18C97E792B7BDEF9006970CB /* PBXContainerItemProxy */ = {
			isa = PBXContainerItemProxy;
			containerPortal = 18C97E562B7BDEF8006970CB /* Project object */;
			proxyType = 1;
			remoteGlobalIDString = 18C97E5D2B7BDEF8006970CB;
			remoteInfo = TSLocalization;
		};
/* End PBXContainerItemProxy section */

/* Begin PBXFileReference section */
		18C97E5E2B7BDEF8006970CB /* TSLocalization.app */ = {isa = PBXFileReference; explicitFileType = wrapper.application; includeInIndex = 0; path = TSLocalization.app; sourceTree = BUILT_PRODUCTS_DIR; };
		18C97E612B7BDEF8006970CB /* TSLocalizationApp.swift */ = {isa = PBXFileReference; lastKnownFileType = sourcecode.swift; path = TSLocalizationApp.swift; sourceTree = "<group>"; };
		18C97E632B7BDEF8006970CB /* MainView.swift */ = {isa = PBXFileReference; lastKnownFileType = sourcecode.swift; path = MainView.swift; sourceTree = "<group>"; };
		18C97E652B7BDEF9006970CB /* Assets.xcassets */ = {isa = PBXFileReference; lastKnownFileType = folder.assetcatalog; path = Assets.xcassets; sourceTree = "<group>"; };
		18C97E682B7BDEF9006970CB /* Preview Assets.xcassets */ = {isa = PBXFileReference; lastKnownFileType = folder.assetcatalog; path = "Preview Assets.xcassets"; sourceTree = "<group>"; };
		18C97E6E2B7BDEF9006970CB /* TSLocalizationTests.xctest */ = {isa = PBXFileReference; explicitFileType = wrapper.cfbundle; includeInIndex = 0; path = TSLocalizationTests.xctest; sourceTree = BUILT_PRODUCTS_DIR; };
		18C97E722B7BDEF9006970CB /* TSLocalizationTests.swift */ = {isa = PBXFileReference; lastKnownFileType = sourcecode.swift; path = TSLocalizationTests.swift; sourceTree = "<group>"; };
		18C97E782B7BDEF9006970CB /* TSLocalizationUITests.xctest */ = {isa = PBXFileReference; explicitFileType = wrapper.cfbundle; includeInIndex = 0; path = TSLocalizationUITests.xctest; sourceTree = BUILT_PRODUCTS_DIR; };
		18C97E7C2B7BDEF9006970CB /* TSLocalizationUITests.swift */ = {isa = PBXFileReference; lastKnownFileType = sourcecode.swift; path = TSLocalizationUITests.swift; sourceTree = "<group>"; };
		18C97E7E2B7BDEF9006970CB /* TSLocalizationUITestsLaunchTests.swift */ = {isa = PBXFileReference; lastKnownFileType = sourcecode.swift; path = TSLocalizationUITestsLaunchTests.swift; sourceTree = "<group>"; };
		18C97E8D2B7BDF69006970CB /* ChooseLanguageView.swift */ = {isa = PBXFileReference; lastKnownFileType = sourcecode.swift; path = ChooseLanguageView.swift; sourceTree = "<group>"; };
		18C97E932B7BE38F006970CB /* PresentationStrings.swift */ = {isa = PBXFileReference; lastKnownFileType = sourcecode.swift; path = PresentationStrings.swift; sourceTree = "<group>"; };
		18C97E982B7BE79B006970CB /* en */ = {isa = PBXFileReference; lastKnownFileType = text.plist.strings; name = en; path = en.lproj/Localizable.strings; sourceTree = "<group>"; };
		18C97E9A2B7BE79C006970CB /* ru */ = {isa = PBXFileReference; lastKnownFileType = text.plist.strings; name = ru; path = ru.lproj/Localizable.strings; sourceTree = "<group>"; };
		18C97E9B2B7BE79D006970CB /* uz */ = {isa = PBXFileReference; lastKnownFileType = text.plist.strings; name = uz; path = uz.lproj/Localizable.strings; sourceTree = "<group>"; };
		18C97E9C2B7BE96D006970CB /* BackButton.swift */ = {isa = PBXFileReference; lastKnownFileType = sourcecode.swift; path = BackButton.swift; sourceTree = "<group>"; };
		18C97EA32B7BFFA8006970CB /* PersistableStrings.swift */ = {isa = PBXFileReference; lastKnownFileType = sourcecode.swift; path = PersistableStrings.swift; sourceTree = "<group>"; };
/* End PBXFileReference section */

/* Begin PBXFrameworksBuildPhase section */
		18C97E5B2B7BDEF8006970CB /* Frameworks */ = {
			isa = PBXFrameworksBuildPhase;
			buildActionMask = 2147483647;
			files = (
			);
			runOnlyForDeploymentPostprocessing = 0;
		};
		18C97E6B2B7BDEF9006970CB /* Frameworks */ = {
			isa = PBXFrameworksBuildPhase;
			buildActionMask = 2147483647;
			files = (
			);
			runOnlyForDeploymentPostprocessing = 0;
		};
		18C97E752B7BDEF9006970CB /* Frameworks */ = {
			isa = PBXFrameworksBuildPhase;
			buildActionMask = 2147483647;
			files = (
			);
			runOnlyForDeploymentPostprocessing = 0;
		};
/* End PBXFrameworksBuildPhase section */

/* Begin PBXGroup section */
		18C97E552B7BDEF8006970CB = {
			isa = PBXGroup;
			children = (
				18C97E602B7BDEF8006970CB /* TSLocalization */,
				18C97E712B7BDEF9006970CB /* TSLocalizationTests */,
				18C97E7B2B7BDEF9006970CB /* TSLocalizationUITests */,
				18C97E5F2B7BDEF8006970CB /* Products */,
			);
			sourceTree = "<group>";
		};
		18C97E5F2B7BDEF8006970CB /* Products */ = {
			isa = PBXGroup;
			children = (
				18C97E5E2B7BDEF8006970CB /* TSLocalization.app */,
				18C97E6E2B7BDEF9006970CB /* TSLocalizationTests.xctest */,
				18C97E782B7BDEF9006970CB /* TSLocalizationUITests.xctest */,
			);
			name = Products;
			sourceTree = "<group>";
		};
		18C97E602B7BDEF8006970CB /* TSLocalization */ = {
			isa = PBXGroup;
			children = (
				18C97E922B7BE377006970CB /* App */,
				18C97E912B7BE36A006970CB /* View */,
				18C97E652B7BDEF9006970CB /* Assets.xcassets */,
				18C97E672B7BDEF9006970CB /* Preview Content */,
				18C97EA22B7BFF4E006970CB /* PresentationStrings */,
				18C97E992B7BE79B006970CB /* Localizable.strings */,
			);
			path = TSLocalization;
			sourceTree = "<group>";
		};
		18C97E672B7BDEF9006970CB /* Preview Content */ = {
			isa = PBXGroup;
			children = (
				18C97E682B7BDEF9006970CB /* Preview Assets.xcassets */,
			);
			path = "Preview Content";
			sourceTree = "<group>";
		};
		18C97E712B7BDEF9006970CB /* TSLocalizationTests */ = {
			isa = PBXGroup;
			children = (
				18C97E722B7BDEF9006970CB /* TSLocalizationTests.swift */,
			);
			path = TSLocalizationTests;
			sourceTree = "<group>";
		};
		18C97E7B2B7BDEF9006970CB /* TSLocalizationUITests */ = {
			isa = PBXGroup;
			children = (
				18C97E7C2B7BDEF9006970CB /* TSLocalizationUITests.swift */,
				18C97E7E2B7BDEF9006970CB /* TSLocalizationUITestsLaunchTests.swift */,
			);
			path = TSLocalizationUITests;
			sourceTree = "<group>";
		};
		18C97E912B7BE36A006970CB /* View */ = {
			isa = PBXGroup;
			children = (
				18C97E632B7BDEF8006970CB /* MainView.swift */,
				18C97E8D2B7BDF69006970CB /* ChooseLanguageView.swift */,
				18C97E9C2B7BE96D006970CB /* BackButton.swift */,
			);
			path = View;
			sourceTree = "<group>";
		};
		18C97E922B7BE377006970CB /* App */ = {
			isa = PBXGroup;
			children = (
				18C97E612B7BDEF8006970CB /* TSLocalizationApp.swift */,
			);
			path = App;
			sourceTree = "<group>";
		};
		18C97EA22B7BFF4E006970CB /* PresentationStrings */ = {
			isa = PBXGroup;
			children = (
				18C97E932B7BE38F006970CB /* PresentationStrings.swift */,
				18C97EA32B7BFFA8006970CB /* PersistableStrings.swift */,
			);
			path = PresentationStrings;
			sourceTree = "<group>";
		};
/* End PBXGroup section */

/* Begin PBXNativeTarget section */
		18C97E5D2B7BDEF8006970CB /* TSLocalization */ = {
			isa = PBXNativeTarget;
			buildConfigurationList = 18C97E822B7BDEF9006970CB /* Build configuration list for PBXNativeTarget "TSLocalization" */;
			buildPhases = (
				18C97E5A2B7BDEF8006970CB /* Sources */,
				18C97E5B2B7BDEF8006970CB /* Frameworks */,
				18C97E5C2B7BDEF8006970CB /* Resources */,
			);
			buildRules = (
			);
			dependencies = (
			);
			name = TSLocalization;
			productName = TSLocalization;
			productReference = 18C97E5E2B7BDEF8006970CB /* TSLocalization.app */;
			productType = "com.apple.product-type.application";
		};
		18C97E6D2B7BDEF9006970CB /* TSLocalizationTests */ = {
			isa = PBXNativeTarget;
			buildConfigurationList = 18C97E852B7BDEF9006970CB /* Build configuration list for PBXNativeTarget "TSLocalizationTests" */;
			buildPhases = (
				18C97E6A2B7BDEF9006970CB /* Sources */,
				18C97E6B2B7BDEF9006970CB /* Frameworks */,
				18C97E6C2B7BDEF9006970CB /* Resources */,
			);
			buildRules = (
			);
			dependencies = (
				18C97E702B7BDEF9006970CB /* PBXTargetDependency */,
			);
			name = TSLocalizationTests;
			productName = TSLocalizationTests;
			productReference = 18C97E6E2B7BDEF9006970CB /* TSLocalizationTests.xctest */;
			productType = "com.apple.product-type.bundle.unit-test";
		};
		18C97E772B7BDEF9006970CB /* TSLocalizationUITests */ = {
			isa = PBXNativeTarget;
			buildConfigurationList = 18C97E882B7BDEF9006970CB /* Build configuration list for PBXNativeTarget "TSLocalizationUITests" */;
			buildPhases = (
				18C97E742B7BDEF9006970CB /* Sources */,
				18C97E752B7BDEF9006970CB /* Frameworks */,
				18C97E762B7BDEF9006970CB /* Resources */,
			);
			buildRules = (
			);
			dependencies = (
				18C97E7A2B7BDEF9006970CB /* PBXTargetDependency */,
			);
			name = TSLocalizationUITests;
			productName = TSLocalizationUITests;
			productReference = 18C97E782B7BDEF9006970CB /* TSLocalizationUITests.xctest */;
			productType = "com.apple.product-type.bundle.ui-testing";
		};
/* End PBXNativeTarget section */

/* Begin PBXProject section */
		18C97E562B7BDEF8006970CB /* Project object */ = {
			isa = PBXProject;
			attributes = {
				BuildIndependentTargetsInParallel = 1;
				LastSwiftUpdateCheck = 1510;
				LastUpgradeCheck = 1510;
				TargetAttributes = {
					18C97E5D2B7BDEF8006970CB = {
						CreatedOnToolsVersion = 15.1;
					};
					18C97E6D2B7BDEF9006970CB = {
						CreatedOnToolsVersion = 15.1;
						TestTargetID = 18C97E5D2B7BDEF8006970CB;
					};
					18C97E772B7BDEF9006970CB = {
						CreatedOnToolsVersion = 15.1;
						TestTargetID = 18C97E5D2B7BDEF8006970CB;
					};
				};
			};
			buildConfigurationList = 18C97E592B7BDEF8006970CB /* Build configuration list for PBXProject "TSLocalization" */;
			compatibilityVersion = "Xcode 14.0";
			developmentRegion = en;
			hasScannedForEncodings = 0;
			knownRegions = (
				en,
				Base,
				ru,
				uz,
			);
			mainGroup = 18C97E552B7BDEF8006970CB;
			productRefGroup = 18C97E5F2B7BDEF8006970CB /* Products */;
			projectDirPath = "";
			projectRoot = "";
			targets = (
				18C97E5D2B7BDEF8006970CB /* TSLocalization */,
				18C97E6D2B7BDEF9006970CB /* TSLocalizationTests */,
				18C97E772B7BDEF9006970CB /* TSLocalizationUITests */,
			);
		};
/* End PBXProject section */

/* Begin PBXResourcesBuildPhase section */
		18C97E5C2B7BDEF8006970CB /* Resources */ = {
			isa = PBXResourcesBuildPhase;
			buildActionMask = 2147483647;
			files = (
				18C97E692B7BDEF9006970CB /* Preview Assets.xcassets in Resources */,
				18C97E972B7BE79B006970CB /* Localizable.strings in Resources */,
				18C97E662B7BDEF9006970CB /* Assets.xcassets in Resources */,
			);
			runOnlyForDeploymentPostprocessing = 0;
		};
		18C97E6C2B7BDEF9006970CB /* Resources */ = {
			isa = PBXResourcesBuildPhase;
			buildActionMask = 2147483647;
			files = (
			);
			runOnlyForDeploymentPostprocessing = 0;
		};
		18C97E762B7BDEF9006970CB /* Resources */ = {
			isa = PBXResourcesBuildPhase;
			buildActionMask = 2147483647;
			files = (
			);
			runOnlyForDeploymentPostprocessing = 0;
		};
/* End PBXResourcesBuildPhase section */

/* Begin PBXSourcesBuildPhase section */
		18C97E5A2B7BDEF8006970CB /* Sources */ = {
			isa = PBXSourcesBuildPhase;
			buildActionMask = 2147483647;
			files = (
				18C97E642B7BDEF8006970CB /* MainView.swift in Sources */,
				18C97EA42B7BFFA8006970CB /* PersistableStrings.swift in Sources */,
				18C97E8E2B7BDF69006970CB /* ChooseLanguageView.swift in Sources */,
				18C97E942B7BE38F006970CB /* PresentationStrings.swift in Sources */,
				18C97E622B7BDEF8006970CB /* TSLocalizationApp.swift in Sources */,
				18C97E9D2B7BE96D006970CB /* BackButton.swift in Sources */,
			);
			runOnlyForDeploymentPostprocessing = 0;
		};
		18C97E6A2B7BDEF9006970CB /* Sources */ = {
			isa = PBXSourcesBuildPhase;
			buildActionMask = 2147483647;
			files = (
				18C97E732B7BDEF9006970CB /* TSLocalizationTests.swift in Sources */,
			);
			runOnlyForDeploymentPostprocessing = 0;
		};
		18C97E742B7BDEF9006970CB /* Sources */ = {
			isa = PBXSourcesBuildPhase;
			buildActionMask = 2147483647;
			files = (
				18C97E7F2B7BDEF9006970CB /* TSLocalizationUITestsLaunchTests.swift in Sources */,
				18C97E7D2B7BDEF9006970CB /* TSLocalizationUITests.swift in Sources */,
			);
			runOnlyForDeploymentPostprocessing = 0;
		};
/* End PBXSourcesBuildPhase section */

/* Begin PBXTargetDependency section */
		18C97E702B7BDEF9006970CB /* PBXTargetDependency */ = {
			isa = PBXTargetDependency;
			target = 18C97E5D2B7BDEF8006970CB /* TSLocalization */;
			targetProxy = 18C97E6F2B7BDEF9006970CB /* PBXContainerItemProxy */;
		};
		18C97E7A2B7BDEF9006970CB /* PBXTargetDependency */ = {
			isa = PBXTargetDependency;
			target = 18C97E5D2B7BDEF8006970CB /* TSLocalization */;
			targetProxy = 18C97E792B7BDEF9006970CB /* PBXContainerItemProxy */;
		};
/* End PBXTargetDependency section */

/* Begin PBXVariantGroup section */
		18C97E992B7BE79B006970CB /* Localizable.strings */ = {
			isa = PBXVariantGroup;
			children = (
				18C97E982B7BE79B006970CB /* en */,
				18C97E9A2B7BE79C006970CB /* ru */,
				18C97E9B2B7BE79D006970CB /* uz */,
			);
			name = Localizable.strings;
			sourceTree = "<group>";
		};
/* End PBXVariantGroup section */

/* Begin XCBuildConfiguration section */
		18C97E802B7BDEF9006970CB /* Debug */ = {
			isa = XCBuildConfiguration;
			buildSettings = {
				ALWAYS_SEARCH_USER_PATHS = NO;
				ASSETCATALOG_COMPILER_GENERATE_SWIFT_ASSET_SYMBOL_EXTENSIONS = YES;
				CLANG_ANALYZER_NONNULL = YES;
				CLANG_ANALYZER_NUMBER_OBJECT_CONVERSION = YES_AGGRESSIVE;
				CLANG_CXX_LANGUAGE_STANDARD = "gnu++20";
				CLANG_ENABLE_MODULES = YES;
				CLANG_ENABLE_OBJC_ARC = YES;
				CLANG_ENABLE_OBJC_WEAK = YES;
				CLANG_WARN_BLOCK_CAPTURE_AUTORELEASING = YES;
				CLANG_WARN_BOOL_CONVERSION = YES;
				CLANG_WARN_COMMA = YES;
				CLANG_WARN_CONSTANT_CONVERSION = YES;
				CLANG_WARN_DEPRECATED_OBJC_IMPLEMENTATIONS = YES;
				CLANG_WARN_DIRECT_OBJC_ISA_USAGE = YES_ERROR;
				CLANG_WARN_DOCUMENTATION_COMMENTS = YES;
				CLANG_WARN_EMPTY_BODY = YES;
				CLANG_WARN_ENUM_CONVERSION = YES;
				CLANG_WARN_INFINITE_RECURSION = YES;
				CLANG_WARN_INT_CONVERSION = YES;
				CLANG_WARN_NON_LITERAL_NULL_CONVERSION = YES;
				CLANG_WARN_OBJC_IMPLICIT_RETAIN_SELF = YES;
				CLANG_WARN_OBJC_LITERAL_CONVERSION = YES;
				CLANG_WARN_OBJC_ROOT_CLASS = YES_ERROR;
				CLANG_WARN_QUOTED_INCLUDE_IN_FRAMEWORK_HEADER = YES;
				CLANG_WARN_RANGE_LOOP_ANALYSIS = YES;
				CLANG_WARN_STRICT_PROTOTYPES = YES;
				CLANG_WARN_SUSPICIOUS_MOVE = YES;
				CLANG_WARN_UNGUARDED_AVAILABILITY = YES_AGGRESSIVE;
				CLANG_WARN_UNREACHABLE_CODE = YES;
				CLANG_WARN__DUPLICATE_METHOD_MATCH = YES;
				COPY_PHASE_STRIP = NO;
				DEBUG_INFORMATION_FORMAT = dwarf;
				ENABLE_STRICT_OBJC_MSGSEND = YES;
				ENABLE_TESTABILITY = YES;
				ENABLE_USER_SCRIPT_SANDBOXING = YES;
				GCC_C_LANGUAGE_STANDARD = gnu17;
				GCC_DYNAMIC_NO_PIC = NO;
				GCC_NO_COMMON_BLOCKS = YES;
				GCC_OPTIMIZATION_LEVEL = 0;
				GCC_PREPROCESSOR_DEFINITIONS = (
					"DEBUG=1",
					"$(inherited)",
				);
				GCC_WARN_64_TO_32_BIT_CONVERSION = YES;
				GCC_WARN_ABOUT_RETURN_TYPE = YES_ERROR;
				GCC_WARN_UNDECLARED_SELECTOR = YES;
				GCC_WARN_UNINITIALIZED_AUTOS = YES_AGGRESSIVE;
				GCC_WARN_UNUSED_FUNCTION = YES;
				GCC_WARN_UNUSED_VARIABLE = YES;
				IPHONEOS_DEPLOYMENT_TARGET = 17.2;
				LOCALIZATION_PREFERS_STRING_CATALOGS = YES;
				MTL_ENABLE_DEBUG_INFO = INCLUDE_SOURCE;
				MTL_FAST_MATH = YES;
				ONLY_ACTIVE_ARCH = YES;
				SDKROOT = iphoneos;
				SWIFT_ACTIVE_COMPILATION_CONDITIONS = "DEBUG $(inherited)";
				SWIFT_OPTIMIZATION_LEVEL = "-Onone";
			};
			name = Debug;
		};
		18C97E812B7BDEF9006970CB /* Release */ = {
			isa = XCBuildConfiguration;
			buildSettings = {
				ALWAYS_SEARCH_USER_PATHS = NO;
				ASSETCATALOG_COMPILER_GENERATE_SWIFT_ASSET_SYMBOL_EXTENSIONS = YES;
				CLANG_ANALYZER_NONNULL = YES;
				CLANG_ANALYZER_NUMBER_OBJECT_CONVERSION = YES_AGGRESSIVE;
				CLANG_CXX_LANGUAGE_STANDARD = "gnu++20";
				CLANG_ENABLE_MODULES = YES;
				CLANG_ENABLE_OBJC_ARC = YES;
				CLANG_ENABLE_OBJC_WEAK = YES;
				CLANG_WARN_BLOCK_CAPTURE_AUTORELEASING = YES;
				CLANG_WARN_BOOL_CONVERSION = YES;
				CLANG_WARN_COMMA = YES;
				CLANG_WARN_CONSTANT_CONVERSION = YES;
				CLANG_WARN_DEPRECATED_OBJC_IMPLEMENTATIONS = YES;
				CLANG_WARN_DIRECT_OBJC_ISA_USAGE = YES_ERROR;
				CLANG_WARN_DOCUMENTATION_COMMENTS = YES;
				CLANG_WARN_EMPTY_BODY = YES;
				CLANG_WARN_ENUM_CONVERSION = YES;
				CLANG_WARN_INFINITE_RECURSION = YES;
				CLANG_WARN_INT_CONVERSION = YES;
				CLANG_WARN_NON_LITERAL_NULL_CONVERSION = YES;
				CLANG_WARN_OBJC_IMPLICIT_RETAIN_SELF = YES;
				CLANG_WARN_OBJC_LITERAL_CONVERSION = YES;
				CLANG_WARN_OBJC_ROOT_CLASS = YES_ERROR;
				CLANG_WARN_QUOTED_INCLUDE_IN_FRAMEWORK_HEADER = YES;
				CLANG_WARN_RANGE_LOOP_ANALYSIS = YES;
				CLANG_WARN_STRICT_PROTOTYPES = YES;
				CLANG_WARN_SUSPICIOUS_MOVE = YES;
				CLANG_WARN_UNGUARDED_AVAILABILITY = YES_AGGRESSIVE;
				CLANG_WARN_UNREACHABLE_CODE = YES;
				CLANG_WARN__DUPLICATE_METHOD_MATCH = YES;
				COPY_PHASE_STRIP = NO;
				DEBUG_INFORMATION_FORMAT = "dwarf-with-dsym";
				ENABLE_NS_ASSERTIONS = NO;
				ENABLE_STRICT_OBJC_MSGSEND = YES;
				ENABLE_USER_SCRIPT_SANDBOXING = YES;
				GCC_C_LANGUAGE_STANDARD = gnu17;
				GCC_NO_COMMON_BLOCKS = YES;
				GCC_WARN_64_TO_32_BIT_CONVERSION = YES;
				GCC_WARN_ABOUT_RETURN_TYPE = YES_ERROR;
				GCC_WARN_UNDECLARED_SELECTOR = YES;
				GCC_WARN_UNINITIALIZED_AUTOS = YES_AGGRESSIVE;
				GCC_WARN_UNUSED_FUNCTION = YES;
				GCC_WARN_UNUSED_VARIABLE = YES;
				IPHONEOS_DEPLOYMENT_TARGET = 17.2;
				LOCALIZATION_PREFERS_STRING_CATALOGS = YES;
				MTL_ENABLE_DEBUG_INFO = NO;
				MTL_FAST_MATH = YES;
				SDKROOT = iphoneos;
				SWIFT_COMPILATION_MODE = wholemodule;
				VALIDATE_PRODUCT = YES;
			};
			name = Release;
		};
		18C97E832B7BDEF9006970CB /* Debug */ = {
			isa = XCBuildConfiguration;
			buildSettings = {
				ASSETCATALOG_COMPILER_APPICON_NAME = AppIcon;
				ASSETCATALOG_COMPILER_GLOBAL_ACCENT_COLOR_NAME = AccentColor;
				CODE_SIGN_STYLE = Automatic;
				CURRENT_PROJECT_VERSION = 1;
				DEVELOPMENT_ASSET_PATHS = "\"TSLocalization/Preview Content\"";
				DEVELOPMENT_TEAM = T7ZTYCH676;
				ENABLE_PREVIEWS = YES;
				GENERATE_INFOPLIST_FILE = YES;
				INFOPLIST_KEY_UIApplicationSceneManifest_Generation = YES;
				INFOPLIST_KEY_UIApplicationSupportsIndirectInputEvents = YES;
				INFOPLIST_KEY_UILaunchScreen_Generation = YES;
				INFOPLIST_KEY_UISupportedInterfaceOrientations_iPad = "UIInterfaceOrientationPortrait UIInterfaceOrientationPortraitUpsideDown UIInterfaceOrientationLandscapeLeft UIInterfaceOrientationLandscapeRight";
				INFOPLIST_KEY_UISupportedInterfaceOrientations_iPhone = "UIInterfaceOrientationPortrait UIInterfaceOrientationLandscapeLeft UIInterfaceOrientationLandscapeRight";
				LD_RUNPATH_SEARCH_PATHS = (
					"$(inherited)",
					"@executable_path/Frameworks",
				);
				MARKETING_VERSION = 1.0;
				PRODUCT_BUNDLE_IDENTIFIER = com.tslocale.TSLocalization;
				PRODUCT_NAME = "$(TARGET_NAME)";
				SWIFT_EMIT_LOC_STRINGS = YES;
				SWIFT_VERSION = 5.0;
				TARGETED_DEVICE_FAMILY = "1,2";
			};
			name = Debug;
		};
		18C97E842B7BDEF9006970CB /* Release */ = {
			isa = XCBuildConfiguration;
			buildSettings = {
				ASSETCATALOG_COMPILER_APPICON_NAME = AppIcon;
				ASSETCATALOG_COMPILER_GLOBAL_ACCENT_COLOR_NAME = AccentColor;
				CODE_SIGN_STYLE = Automatic;
				CURRENT_PROJECT_VERSION = 1;
				DEVELOPMENT_ASSET_PATHS = "\"TSLocalization/Preview Content\"";
				DEVELOPMENT_TEAM = T7ZTYCH676;
				ENABLE_PREVIEWS = YES;
				GENERATE_INFOPLIST_FILE = YES;
				INFOPLIST_KEY_UIApplicationSceneManifest_Generation = YES;
				INFOPLIST_KEY_UIApplicationSupportsIndirectInputEvents = YES;
				INFOPLIST_KEY_UILaunchScreen_Generation = YES;
				INFOPLIST_KEY_UISupportedInterfaceOrientations_iPad = "UIInterfaceOrientationPortrait UIInterfaceOrientationPortraitUpsideDown UIInterfaceOrientationLandscapeLeft UIInterfaceOrientationLandscapeRight";
				INFOPLIST_KEY_UISupportedInterfaceOrientations_iPhone = "UIInterfaceOrientationPortrait UIInterfaceOrientationLandscapeLeft UIInterfaceOrientationLandscapeRight";
				LD_RUNPATH_SEARCH_PATHS = (
					"$(inherited)",
					"@executable_path/Frameworks",
				);
				MARKETING_VERSION = 1.0;
				PRODUCT_BUNDLE_IDENTIFIER = com.tslocale.TSLocalization;
				PRODUCT_NAME = "$(TARGET_NAME)";
				SWIFT_EMIT_LOC_STRINGS = YES;
				SWIFT_VERSION = 5.0;
				TARGETED_DEVICE_FAMILY = "1,2";
			};
			name = Release;
		};
		18C97E862B7BDEF9006970CB /* Debug */ = {
			isa = XCBuildConfiguration;
			buildSettings = {
				ALWAYS_EMBED_SWIFT_STANDARD_LIBRARIES = YES;
				BUNDLE_LOADER = "$(TEST_HOST)";
				CODE_SIGN_STYLE = Automatic;
				CURRENT_PROJECT_VERSION = 1;
				DEVELOPMENT_TEAM = T7ZTYCH676;
				GENERATE_INFOPLIST_FILE = YES;
				IPHONEOS_DEPLOYMENT_TARGET = 17.2;
				MARKETING_VERSION = 1.0;
				PRODUCT_BUNDLE_IDENTIFIER = com.tslocale.TSLocalizationTests;
				PRODUCT_NAME = "$(TARGET_NAME)";
				SWIFT_EMIT_LOC_STRINGS = NO;
				SWIFT_VERSION = 5.0;
				TARGETED_DEVICE_FAMILY = "1,2";
				TEST_HOST = "$(BUILT_PRODUCTS_DIR)/TSLocalization.app/$(BUNDLE_EXECUTABLE_FOLDER_PATH)/TSLocalization";
			};
			name = Debug;
		};
		18C97E872B7BDEF9006970CB /* Release */ = {
			isa = XCBuildConfiguration;
			buildSettings = {
				ALWAYS_EMBED_SWIFT_STANDARD_LIBRARIES = YES;
				BUNDLE_LOADER = "$(TEST_HOST)";
				CODE_SIGN_STYLE = Automatic;
				CURRENT_PROJECT_VERSION = 1;
				DEVELOPMENT_TEAM = T7ZTYCH676;
				GENERATE_INFOPLIST_FILE = YES;
				IPHONEOS_DEPLOYMENT_TARGET = 17.2;
				MARKETING_VERSION = 1.0;
				PRODUCT_BUNDLE_IDENTIFIER = com.tslocale.TSLocalizationTests;
				PRODUCT_NAME = "$(TARGET_NAME)";
				SWIFT_EMIT_LOC_STRINGS = NO;
				SWIFT_VERSION = 5.0;
				TARGETED_DEVICE_FAMILY = "1,2";
				TEST_HOST = "$(BUILT_PRODUCTS_DIR)/TSLocalization.app/$(BUNDLE_EXECUTABLE_FOLDER_PATH)/TSLocalization";
			};
			name = Release;
		};
		18C97E892B7BDEF9006970CB /* Debug */ = {
			isa = XCBuildConfiguration;
			buildSettings = {
				ALWAYS_EMBED_SWIFT_STANDARD_LIBRARIES = YES;
				CODE_SIGN_STYLE = Automatic;
				CURRENT_PROJECT_VERSION = 1;
				DEVELOPMENT_TEAM = T7ZTYCH676;
				GENERATE_INFOPLIST_FILE = YES;
				MARKETING_VERSION = 1.0;
				PRODUCT_BUNDLE_IDENTIFIER = com.tslocale.TSLocalizationUITests;
				PRODUCT_NAME = "$(TARGET_NAME)";
				SWIFT_EMIT_LOC_STRINGS = NO;
				SWIFT_VERSION = 5.0;
				TARGETED_DEVICE_FAMILY = "1,2";
				TEST_TARGET_NAME = TSLocalization;
			};
			name = Debug;
		};
		18C97E8A2B7BDEF9006970CB /* Release */ = {
			isa = XCBuildConfiguration;
			buildSettings = {
				ALWAYS_EMBED_SWIFT_STANDARD_LIBRARIES = YES;
				CODE_SIGN_STYLE = Automatic;
				CURRENT_PROJECT_VERSION = 1;
				DEVELOPMENT_TEAM = T7ZTYCH676;
				GENERATE_INFOPLIST_FILE = YES;
				MARKETING_VERSION = 1.0;
				PRODUCT_BUNDLE_IDENTIFIER = com.tslocale.TSLocalizationUITests;
				PRODUCT_NAME = "$(TARGET_NAME)";
				SWIFT_EMIT_LOC_STRINGS = NO;
				SWIFT_VERSION = 5.0;
				TARGETED_DEVICE_FAMILY = "1,2";
				TEST_TARGET_NAME = TSLocalization;
			};
			name = Release;
		};
/* End XCBuildConfiguration section */

/* Begin XCConfigurationList section */
		18C97E592B7BDEF8006970CB /* Build configuration list for PBXProject "TSLocalization" */ = {
			isa = XCConfigurationList;
			buildConfigurations = (
				18C97E802B7BDEF9006970CB /* Debug */,
				18C97E812B7BDEF9006970CB /* Release */,
			);
			defaultConfigurationIsVisible = 0;
			defaultConfigurationName = Release;
		};
		18C97E822B7BDEF9006970CB /* Build configuration list for PBXNativeTarget "TSLocalization" */ = {
			isa = XCConfigurationList;
			buildConfigurations = (
				18C97E832B7BDEF9006970CB /* Debug */,
				18C97E842B7BDEF9006970CB /* Release */,
			);
			defaultConfigurationIsVisible = 0;
			defaultConfigurationName = Release;
		};
		18C97E852B7BDEF9006970CB /* Build configuration list for PBXNativeTarget "TSLocalizationTests" */ = {
			isa = XCConfigurationList;
			buildConfigurations = (
				18C97E862B7BDEF9006970CB /* Debug */,
				18C97E872B7BDEF9006970CB /* Release */,
			);
			defaultConfigurationIsVisible = 0;
			defaultConfigurationName = Release;
		};
		18C97E882B7BDEF9006970CB /* Build configuration list for PBXNativeTarget "TSLocalizationUITests" */ = {
			isa = XCConfigurationList;
			buildConfigurations = (
				18C97E892B7BDEF9006970CB /* Debug */,
				18C97E8A2B7BDEF9006970CB /* Release */,
			);
			defaultConfigurationIsVisible = 0;
			defaultConfigurationName = Release;
		};
/* End XCConfigurationList section */
	};
	rootObject = 18C97E562B7BDEF8006970CB /* Project object */;
}
